
Microsoft Visual Studio Solution File, Format Version 10.00
# Visual Studio 2008
Project("{FAE04EC0-301F-11D3-BF4B-00C04F79EFBC}") = "ClearLines.Anakin", "ClearLines.Anakin\ClearLines.Anakin.csproj", "{360C8B77-2BD1-40D7-AD4B-06A9399E4364}"
EndProject
Project("{54435603-DBB4-11D2-8724-00A0C9A8B90C}") = "AnakinSetup", "AnakinSetup\AnakinSetup.vdproj", "{ADFB878E-894A-4D6C-8F92-02290993F078}"
EndProject
Global
	GlobalSection(SolutionConfigurationPlatforms) = preSolution
		Debug|Any CPU = Debug|Any CPU
		Release|Any CPU = Release|Any CPU
	EndGlobalSection
	GlobalSection(ProjectConfigurationPlatforms) = postSolution
		{360C8B77-2BD1-40D7-AD4B-06A9399E4364}.Debug|Any CPU.ActiveCfg = Release|Any CPU
		{360C8B77-2BD1-40D7-AD4B-06A9399E4364}.Debug|Any CPU.Build.0 = Release|Any CPU
		{360C8B77-2BD1-40D7-AD4B-06A9399E4364}.Release|Any CPU.ActiveCfg = Release|Any CPU
		{360C8B77-2BD1-40D7-AD4B-06A9399E4364}.Release|Any CPU.Build.0 = Release|Any CPU
		{ADFB878E-894A-4D6C-8F92-02290993F078}.Debug|Any CPU.ActiveCfg = Debug
		{ADFB878E-894A-4D6C-8F92-02290993F078}.Release|Any CPU.ActiveCfg = Release
	EndGlobalSection
	GlobalSection(SolutionProperties) = preSolution
		HideSolutionNode = FALSE
	EndGlobalSection
EndGlobal
